#MicroXplorer Configuration settings - do not modify
ADC1.Channel-0\#ChannelRegularConversion=ADC_CHANNEL_0
ADC1.ContinuousConvMode=DISABLE
ADC1.ExternalTrigConv=ADC_EXTERNALTRIGCONV_T3_TRGO
ADC1.IPParameters=Rank-0\#ChannelRegularConversion,Channel-0\#ChannelRegularConversion,SamplingTime-0\#ChannelRegularConversion,NbrOfConversionFlag,ContinuousConvMode,NbrOfConversion,master,ExternalTrigConv
ADC1.NbrOfConversion=1
ADC1.NbrOfConversionFlag=1
ADC1.Rank-0\#ChannelRegularConversion=1
ADC1.SamplingTime-0\#ChannelRegularConversion=ADC_SAMPLETIME_1CYCLE_5
ADC1.master=1
ADC2.Channel-1\#ChannelRegularConversion=ADC_CHANNEL_1
ADC2.Channel-4\#ChannelRegularConversion=ADC_CHANNEL_15
ADC2.DiscontinuousConvMode=ENABLE
ADC2.IPParameters=Rank-1\#ChannelRegularConversion,Channel-1\#ChannelRegularConversion,SamplingTime-1\#ChannelRegularConversion,NbrOfConversionFlag,NbrOfConversion,Rank-4\#ChannelRegularConversion,Channel-4\#ChannelRegularConversion,SamplingTime-4\#ChannelRegularConversion,DiscontinuousConvMode
ADC2.NbrOfConversion=2
ADC2.NbrOfConversionFlag=1
ADC2.Rank-1\#ChannelRegularConversion=1
ADC2.Rank-4\#ChannelRegularConversion=2
ADC2.SamplingTime-1\#ChannelRegularConversion=ADC_SAMPLETIME_1CYCLE_5
ADC2.SamplingTime-4\#ChannelRegularConversion=ADC_SAMPLETIME_1CYCLE_5
Dma.ADC1.7.Direction=DMA_PERIPH_TO_MEMORY
Dma.ADC1.7.Instance=DMA1_Channel1
Dma.ADC1.7.MemDataAlignment=DMA_MDATAALIGN_HALFWORD
Dma.ADC1.7.MemInc=DMA_MINC_ENABLE
Dma.ADC1.7.Mode=DMA_CIRCULAR
Dma.ADC1.7.PeriphDataAlignment=DMA_PDATAALIGN_HALFWORD
Dma.ADC1.7.PeriphInc=DMA_PINC_DISABLE
Dma.ADC1.7.Priority=DMA_PRIORITY_LOW
Dma.ADC1.7.RequestParameters=Instance,Direction,PeriphInc,MemInc,PeriphDataAlignment,MemDataAlignment,Mode,Priority
Dma.Request0=USART1_RX
Dma.Request1=USART1_TX
Dma.Request2=SDIO
Dma.Request3=USART3_RX
Dma.Request4=USART3_TX
Dma.Request5=USART2_RX
Dma.Request6=USART2_TX
Dma.Request7=ADC1
Dma.RequestsNb=8
Dma.SDIO.2.Direction=DMA_PERIPH_TO_MEMORY
Dma.SDIO.2.Instance=DMA2_Channel4
Dma.SDIO.2.MemDataAlignment=DMA_MDATAALIGN_WORD
Dma.SDIO.2.MemInc=DMA_MINC_ENABLE
Dma.SDIO.2.Mode=DMA_NORMAL
Dma.SDIO.2.PeriphDataAlignment=DMA_PDATAALIGN_WORD
Dma.SDIO.2.PeriphInc=DMA_PINC_DISABLE
Dma.SDIO.2.Priority=DMA_PRIORITY_LOW
Dma.SDIO.2.RequestParameters=Instance,Direction,PeriphInc,MemInc,PeriphDataAlignment,MemDataAlignment,Mode,Priority
Dma.USART1_RX.0.Direction=DMA_PERIPH_TO_MEMORY
Dma.USART1_RX.0.Instance=DMA1_Channel5
Dma.USART1_RX.0.MemDataAlignment=DMA_MDATAALIGN_BYTE
Dma.USART1_RX.0.MemInc=DMA_MINC_ENABLE
Dma.USART1_RX.0.Mode=DMA_NORMAL
Dma.USART1_RX.0.PeriphDataAlignment=DMA_PDATAALIGN_BYTE
Dma.USART1_RX.0.PeriphInc=DMA_PINC_DISABLE
Dma.USART1_RX.0.Priority=DMA_PRIORITY_LOW
Dma.USART1_RX.0.RequestParameters=Instance,Direction,PeriphInc,MemInc,PeriphDataAlignment,MemDataAlignment,Mode,Priority
Dma.USART1_TX.1.Direction=DMA_MEMORY_TO_PERIPH
Dma.USART1_TX.1.Instance=DMA1_Channel4
Dma.USART1_TX.1.MemDataAlignment=DMA_MDATAALIGN_BYTE
Dma.USART1_TX.1.MemInc=DMA_MINC_ENABLE
Dma.USART1_TX.1.Mode=DMA_NORMAL
Dma.USART1_TX.1.PeriphDataAlignment=DMA_PDATAALIGN_BYTE
Dma.USART1_TX.1.PeriphInc=DMA_PINC_DISABLE
Dma.USART1_TX.1.Priority=DMA_PRIORITY_LOW
Dma.USART1_TX.1.RequestParameters=Instance,Direction,PeriphInc,MemInc,PeriphDataAlignment,MemDataAlignment,Mode,Priority
Dma.USART2_RX.5.Direction=DMA_PERIPH_TO_MEMORY
Dma.USART2_RX.5.Instance=DMA1_Channel6
Dma.USART2_RX.5.MemDataAlignment=DMA_MDATAALIGN_BYTE
Dma.USART2_RX.5.MemInc=DMA_MINC_ENABLE
Dma.USART2_RX.5.Mode=DMA_NORMAL
Dma.USART2_RX.5.PeriphDataAlignment=DMA_PDATAALIGN_BYTE
Dma.USART2_RX.5.PeriphInc=DMA_PINC_DISABLE
Dma.USART2_RX.5.Priority=DMA_PRIORITY_LOW
Dma.USART2_RX.5.RequestParameters=Instance,Direction,PeriphInc,MemInc,PeriphDataAlignment,MemDataAlignment,Mode,Priority
Dma.USART2_TX.6.Direction=DMA_MEMORY_TO_PERIPH
Dma.USART2_TX.6.Instance=DMA1_Channel7
Dma.USART2_TX.6.MemDataAlignment=DMA_MDATAALIGN_BYTE
Dma.USART2_TX.6.MemInc=DMA_MINC_ENABLE
Dma.USART2_TX.6.Mode=DMA_NORMAL
Dma.USART2_TX.6.PeriphDataAlignment=DMA_PDATAALIGN_BYTE
Dma.USART2_TX.6.PeriphInc=DMA_PINC_DISABLE
Dma.USART2_TX.6.Priority=DMA_PRIORITY_LOW
Dma.USART2_TX.6.RequestParameters=Instance,Direction,PeriphInc,MemInc,PeriphDataAlignment,MemDataAlignment,Mode,Priority
Dma.USART3_RX.3.Direction=DMA_PERIPH_TO_MEMORY
Dma.USART3_RX.3.Instance=DMA1_Channel3
Dma.USART3_RX.3.MemDataAlignment=DMA_MDATAALIGN_BYTE
Dma.USART3_RX.3.MemInc=DMA_MINC_ENABLE
Dma.USART3_RX.3.Mode=DMA_NORMAL
Dma.USART3_RX.3.PeriphDataAlignment=DMA_PDATAALIGN_BYTE
Dma.USART3_RX.3.PeriphInc=DMA_PINC_DISABLE
Dma.USART3_RX.3.Priority=DMA_PRIORITY_LOW
Dma.USART3_RX.3.RequestParameters=Instance,Direction,PeriphInc,MemInc,PeriphDataAlignment,MemDataAlignment,Mode,Priority
Dma.USART3_TX.4.Direction=DMA_MEMORY_TO_PERIPH
Dma.USART3_TX.4.Instance=DMA1_Channel2
Dma.USART3_TX.4.MemDataAlignment=DMA_MDATAALIGN_BYTE
Dma.USART3_TX.4.MemInc=DMA_MINC_ENABLE
Dma.USART3_TX.4.Mode=DMA_NORMAL
Dma.USART3_TX.4.PeriphDataAlignment=DMA_PDATAALIGN_BYTE
Dma.USART3_TX.4.PeriphInc=DMA_PINC_DISABLE
Dma.USART3_TX.4.Priority=DMA_PRIORITY_LOW
Dma.USART3_TX.4.RequestParameters=Instance,Direction,PeriphInc,MemInc,PeriphDataAlignment,MemDataAlignment,Mode,Priority
FATFS.IPParameters=_CODE_PAGE,_USE_LFN,_USE_LABEL
FATFS._CODE_PAGE=437
FATFS._USE_LABEL=1
FATFS._USE_LFN=2
FREERTOS.FootprintOK=true
FREERTOS.IPParameters=Tasks01,configMINIMAL_STACK_SIZE,configTOTAL_HEAP_SIZE,Queues01,FootprintOK
FREERTOS.Queues01=UART_Receiver_Msg,5,void *,0,Dynamic,NULL,NULL
FREERTOS.Tasks01=WS_FreeTh_Borad,2,3072,WS_FreeThread_Borad,As weak,NULL,Dynamic,NULL,NULL;WS_FreeTh_WSOS,1,512,WS_FreeThread_WSOS,As weak,NULL,Dynamic,NULL,NULL;WS_FreeTh_UR,3,256,WS_FreeThread_UART_Receiver,As weak,NULL,Dynamic,NULL,NULL;WS_FreeTask_use,-3,512,WS_FreeTask_userTask_Fun,As weak,NULL,Dynamic,NULL,NULL
FREERTOS.configMINIMAL_STACK_SIZE=64
FREERTOS.configTOTAL_HEAP_SIZE=20480
FSMC.AddressSetupTime1=0
FSMC.BusTurnAroundDuration1=0
FSMC.DataSetupTime1=1
FSMC.IPParameters=AddressSetupTime1,BusTurnAroundDuration1,DataSetupTime1
File.Version=6
GPIO.groupedBy=Group By Peripherals
KeepUserPlacement=false
Mcu.Family=STM32F1
Mcu.IP0=ADC1
Mcu.IP1=ADC2
Mcu.IP10=SPI2
Mcu.IP11=SYS
Mcu.IP12=TIM3
Mcu.IP13=TIM5
Mcu.IP14=TIM7
Mcu.IP15=USART1
Mcu.IP16=USART2
Mcu.IP17=USART3
Mcu.IP18=USB
Mcu.IP19=USB_DEVICE
Mcu.IP2=DMA
Mcu.IP3=FATFS
Mcu.IP4=FREERTOS
Mcu.IP5=FSMC
Mcu.IP6=NVIC
Mcu.IP7=RCC
Mcu.IP8=RTC
Mcu.IP9=SDIO
Mcu.IPNb=20
Mcu.Name=STM32F103V(C-D-E)Tx
Mcu.Package=LQFP100
Mcu.Pin0=PE2
Mcu.Pin1=PE3
Mcu.Pin10=PC2
Mcu.Pin11=PC3
Mcu.Pin12=PA0-WKUP
Mcu.Pin13=PA1
Mcu.Pin14=PA2
Mcu.Pin15=PA3
Mcu.Pin16=PA6
Mcu.Pin17=PC4
Mcu.Pin18=PC5
Mcu.Pin19=PB2
Mcu.Pin2=PE5
Mcu.Pin20=PE7
Mcu.Pin21=PE8
Mcu.Pin22=PE9
Mcu.Pin23=PE10
Mcu.Pin24=PE11
Mcu.Pin25=PE12
Mcu.Pin26=PE13
Mcu.Pin27=PE14
Mcu.Pin28=PE15
Mcu.Pin29=PB10
Mcu.Pin3=PE6
Mcu.Pin30=PB11
Mcu.Pin31=PB12
Mcu.Pin32=PB13
Mcu.Pin33=PB14
Mcu.Pin34=PB15
Mcu.Pin35=PD8
Mcu.Pin36=PD9
Mcu.Pin37=PD10
Mcu.Pin38=PD11
Mcu.Pin39=PD13
Mcu.Pin4=PC13-TAMPER-RTC
Mcu.Pin40=PD14
Mcu.Pin41=PD15
Mcu.Pin42=PC6
Mcu.Pin43=PC8
Mcu.Pin44=PC9
Mcu.Pin45=PA11
Mcu.Pin46=PA12
Mcu.Pin47=PA13
Mcu.Pin48=PA14
Mcu.Pin49=PA15
Mcu.Pin5=PC14-OSC32_IN
Mcu.Pin50=PC10
Mcu.Pin51=PC11
Mcu.Pin52=PC12
Mcu.Pin53=PD0
Mcu.Pin54=PD1
Mcu.Pin55=PD2
Mcu.Pin56=PD3
Mcu.Pin57=PD4
Mcu.Pin58=PD5
Mcu.Pin59=PD6
Mcu.Pin6=PC15-OSC32_OUT
Mcu.Pin60=PD7
Mcu.Pin61=PB3
Mcu.Pin62=PB4
Mcu.Pin63=PB6
Mcu.Pin64=PB7
Mcu.Pin65=VP_FATFS_VS_SDIO
Mcu.Pin66=VP_FATFS_VS_Generic
Mcu.Pin67=VP_FREERTOS_VS_CMSIS_V1
Mcu.Pin68=VP_RTC_VS_RTC_Activate
Mcu.Pin69=VP_RTC_VS_RTC_Calendar
Mcu.Pin7=OSC_IN
Mcu.Pin70=VP_RTC_No_RTC_Output
Mcu.Pin71=VP_SYS_VS_tim8
Mcu.Pin72=VP_TIM3_VS_ClockSourceINT
Mcu.Pin73=VP_TIM5_VS_ClockSourceINT
Mcu.Pin74=VP_TIM7_VS_ClockSourceINT
Mcu.Pin75=VP_USB_DEVICE_VS_USB_DEVICE_MSC_FS
Mcu.Pin8=OSC_OUT
Mcu.Pin9=PC1
Mcu.PinsNb=76
Mcu.ThirdPartyNb=0
Mcu.UserConstants=
Mcu.UserName=STM32F103VETx
MxCube.Version=6.3.0
MxDb.Version=DB.6.0.30
NVIC.ADC1_2_IRQn=true\:5\:0\:false\:false\:true\:true\:true\:true
NVIC.BusFault_IRQn=true\:0\:0\:false\:false\:true\:false\:false\:false
NVIC.DMA1_Channel1_IRQn=true\:5\:0\:false\:false\:true\:true\:false\:true
NVIC.DMA1_Channel2_IRQn=true\:5\:0\:false\:false\:true\:true\:false\:true
NVIC.DMA1_Channel3_IRQn=true\:5\:0\:false\:false\:true\:true\:false\:true
NVIC.DMA1_Channel4_IRQn=true\:5\:0\:false\:false\:true\:true\:false\:true
NVIC.DMA1_Channel5_IRQn=true\:5\:0\:false\:false\:true\:true\:false\:true
NVIC.DMA1_Channel6_IRQn=true\:5\:0\:false\:false\:true\:true\:false\:true
NVIC.DMA1_Channel7_IRQn=true\:5\:0\:false\:false\:true\:true\:false\:true
NVIC.DMA2_Channel4_5_IRQn=true\:5\:0\:true\:false\:true\:false\:false\:true
NVIC.DebugMonitor_IRQn=true\:0\:0\:false\:false\:true\:false\:false\:false
NVIC.EXTI15_10_IRQn=true\:5\:0\:false\:false\:true\:true\:true\:true
NVIC.EXTI1_IRQn=true\:5\:0\:true\:false\:true\:false\:true\:true
NVIC.EXTI2_IRQn=true\:5\:0\:true\:false\:true\:false\:true\:true
NVIC.EXTI3_IRQn=true\:5\:0\:true\:false\:true\:false\:true\:true
NVIC.EXTI4_IRQn=true\:5\:0\:true\:false\:true\:false\:true\:true
NVIC.EXTI9_5_IRQn=true\:5\:0\:false\:false\:true\:true\:true\:true
NVIC.ForceEnableDMAVector=true
NVIC.HardFault_IRQn=true\:0\:0\:false\:false\:true\:false\:false\:false
NVIC.MemoryManagement_IRQn=true\:0\:0\:false\:false\:true\:false\:false\:false
NVIC.NonMaskableInt_IRQn=true\:0\:0\:false\:false\:true\:false\:false\:false
NVIC.PendSV_IRQn=true\:15\:0\:false\:false\:false\:true\:false\:false
NVIC.PriorityGroup=NVIC_PRIORITYGROUP_4
NVIC.RTC_IRQn=true\:5\:0\:false\:false\:true\:true\:true\:true
NVIC.SDIO_IRQn=true\:5\:0\:false\:false\:true\:true\:true\:true
NVIC.SVCall_IRQn=true\:0\:0\:false\:false\:false\:false\:false\:false
NVIC.SavedPendsvIrqHandlerGenerated=true
NVIC.SavedSvcallIrqHandlerGenerated=true
NVIC.SavedSystickIrqHandlerGenerated=true
NVIC.SysTick_IRQn=true\:15\:0\:false\:false\:false\:true\:false\:true
NVIC.TIM3_IRQn=true\:8\:0\:true\:false\:true\:true\:true\:true
NVIC.TIM5_IRQn=true\:5\:0\:true\:false\:true\:false\:true\:true
NVIC.TIM7_IRQn=true\:5\:0\:false\:false\:true\:true\:true\:true
NVIC.TIM8_UP_IRQn=true\:15\:0\:false\:false\:true\:false\:false\:true
NVIC.TimeBase=TIM8_UP_IRQn
NVIC.TimeBaseIP=TIM8
NVIC.USART1_IRQn=true\:5\:0\:true\:false\:true\:false\:true\:true
NVIC.USART2_IRQn=true\:5\:0\:false\:false\:true\:true\:true\:true
NVIC.USART3_IRQn=true\:5\:0\:false\:false\:true\:true\:true\:true
NVIC.USB_HP_CAN1_TX_IRQn=true\:5\:0\:true\:false\:true\:false\:true\:true
NVIC.USB_LP_CAN1_RX0_IRQn=true\:5\:0\:true\:false\:true\:false\:true\:true
NVIC.UsageFault_IRQn=true\:0\:0\:false\:false\:true\:false\:false\:false
OSC_IN.Mode=HSE-External-Oscillator
OSC_IN.Signal=RCC_OSC_IN
OSC_OUT.Mode=HSE-External-Oscillator
OSC_OUT.Signal=RCC_OSC_OUT
PA0-WKUP.GPIOParameters=GPIO_Label
PA0-WKUP.GPIO_Label=ADC1
PA0-WKUP.Locked=true
PA0-WKUP.Signal=ADCx_IN0
PA1.GPIOParameters=GPIO_Label
PA1.GPIO_Label=ADC2
PA1.Signal=ADCx_IN1
PA11.Mode=Device
PA11.Signal=USB_DM
PA12.Mode=Device
PA12.Signal=USB_DP
PA13.Mode=JTAG_5_pins
PA13.Signal=SYS_JTMS-SWDIO
PA14.Mode=JTAG_5_pins
PA14.Signal=SYS_JTCK-SWCLK
PA15.Mode=JTAG_5_pins
PA15.Signal=SYS_JTDI
PA2.Mode=Asynchronous
PA2.Signal=USART2_TX
PA3.Mode=Asynchronous
PA3.Signal=USART2_RX
PA6.GPIOParameters=GPIO_Speed,PinState,GPIO_Label
PA6.GPIO_Label=W25_CS
PA6.GPIO_Speed=GPIO_SPEED_FREQ_HIGH
PA6.Locked=true
PA6.PinState=GPIO_PIN_SET
PA6.Signal=GPIO_Output
PB10.Mode=Asynchronous
PB10.Signal=USART3_TX
PB11.Mode=Asynchronous
PB11.Signal=USART3_RX
PB12.GPIOParameters=PinState,GPIO_Label,GPIO_ModeDefaultOutputPP
PB12.GPIO_Label=Buzzer
PB12.GPIO_ModeDefaultOutputPP=GPIO_MODE_OUTPUT_OD
PB12.Locked=true
PB12.PinState=GPIO_PIN_SET
PB12.Signal=GPIO_Output
PB13.Mode=Full_Duplex_Master
PB13.Signal=SPI2_SCK
PB14.Mode=Full_Duplex_Master
PB14.Signal=SPI2_MISO
PB15.Mode=Full_Duplex_Master
PB15.Signal=SPI2_MOSI
PB2.GPIOParameters=PinState,GPIO_Label
PB2.GPIO_Label=LED_DEBUG
PB2.Locked=true
PB2.PinState=GPIO_PIN_SET
PB2.Signal=GPIO_Output
PB3.Mode=JTAG_5_pins
PB3.Signal=SYS_JTDO-TRACESWO
PB4.Mode=JTAG_5_pins
PB4.Signal=SYS_NJTRST
PB6.Locked=true
PB6.Mode=Asynchronous
PB6.Signal=USART1_TX
PB7.Locked=true
PB7.Mode=Asynchronous
PB7.Signal=USART1_RX
PC1.GPIOParameters=GPIO_PuPd,GPIO_Label,GPIO_ModeDefaultEXTI
PC1.GPIO_Label=SW2
PC1.GPIO_ModeDefaultEXTI=GPIO_MODE_IT_RISING_FALLING
PC1.GPIO_PuPd=GPIO_PULLUP
PC1.Locked=true
PC1.Signal=GPXTI1
PC10.Mode=SD_4_bits_Wide_bus
PC10.Signal=SDIO_D2
PC11.Mode=SD_4_bits_Wide_bus
PC11.Signal=SDIO_D3
PC12.Mode=SD_4_bits_Wide_bus
PC12.Signal=SDIO_CK
PC13-TAMPER-RTC.GPIOParameters=GPIO_Speed,PinState,GPIO_Label
PC13-TAMPER-RTC.GPIO_Label=RS485_TX_EN
PC13-TAMPER-RTC.GPIO_Speed=GPIO_SPEED_FREQ_HIGH
PC13-TAMPER-RTC.Locked=true
PC13-TAMPER-RTC.PinState=GPIO_PIN_RESET
PC13-TAMPER-RTC.Signal=GPIO_Output
PC14-OSC32_IN.Mode=LSE-External-Oscillator
PC14-OSC32_IN.Signal=RCC_OSC32_IN
PC15-OSC32_OUT.Mode=LSE-External-Oscillator
PC15-OSC32_OUT.Signal=RCC_OSC32_OUT
PC2.GPIOParameters=GPIO_PuPd,GPIO_Label,GPIO_ModeDefaultEXTI
PC2.GPIO_Label=SW3
PC2.GPIO_ModeDefaultEXTI=GPIO_MODE_IT_RISING_FALLING
PC2.GPIO_PuPd=GPIO_PULLUP
PC2.Locked=true
PC2.Signal=GPXTI2
PC3.GPIOParameters=GPIO_PuPd,GPIO_Label,GPIO_ModeDefaultEXTI
PC3.GPIO_Label=SW4
PC3.GPIO_ModeDefaultEXTI=GPIO_MODE_IT_RISING_FALLING
PC3.GPIO_PuPd=GPIO_PULLUP
PC3.Locked=true
PC3.Signal=GPXTI3
PC4.GPIOParameters=GPIO_PuPd,GPIO_Label,GPIO_ModeDefaultEXTI
PC4.GPIO_Label=SW5
PC4.GPIO_ModeDefaultEXTI=GPIO_MODE_IT_RISING_FALLING
PC4.GPIO_PuPd=GPIO_PULLUP
PC4.Locked=true
PC4.Signal=GPXTI4
PC5.GPIOParameters=GPIO_Label
PC5.GPIO_Label=AD_temper
PC5.Locked=true
PC5.Signal=ADCx_IN15
PC6.GPIOParameters=PinState,GPIO_Label
PC6.GPIO_Label=LED_RUN
PC6.Locked=true
PC6.PinState=GPIO_PIN_SET
PC6.Signal=GPIO_Output
PC8.Mode=SD_4_bits_Wide_bus
PC8.Signal=SDIO_D0
PC9.Mode=SD_4_bits_Wide_bus
PC9.Signal=SDIO_D1
PD0.Mode=16b-d1
PD0.Signal=FSMC_D2
PD1.Mode=16b-d1
PD1.Signal=FSMC_D3
PD10.Mode=16b-d1
PD10.Signal=FSMC_D15
PD11.GPIOParameters=GPIO_PuPd,GPIO_Label,GPIO_ModeDefaultEXTI
PD11.GPIO_Label=LCD_T_PENIRQ
PD11.GPIO_ModeDefaultEXTI=GPIO_MODE_IT_FALLING
PD11.GPIO_PuPd=GPIO_PULLUP
PD11.Locked=true
PD11.Signal=GPXTI11
PD13.GPIOParameters=GPIO_Speed,PinState,GPIO_PuPd,GPIO_Label,GPIO_ModeDefaultOutputPP
PD13.GPIO_Label=Relay2
PD13.GPIO_ModeDefaultOutputPP=GPIO_MODE_OUTPUT_OD
PD13.GPIO_PuPd=GPIO_NOPULL
PD13.GPIO_Speed=GPIO_SPEED_FREQ_HIGH
PD13.Locked=true
PD13.PinState=GPIO_PIN_RESET
PD13.Signal=GPIO_Output
PD14.Mode=16b-d1
PD14.Signal=FSMC_D0
PD15.Mode=16b-d1
PD15.Signal=FSMC_D1
PD2.Mode=SD_4_bits_Wide_bus
PD2.Signal=SDIO_CMD
PD3.GPIOParameters=GPIO_Speed,PinState,GPIO_Label
PD3.GPIO_Label=LCD_Light
PD3.GPIO_Speed=GPIO_SPEED_FREQ_HIGH
PD3.Locked=true
PD3.PinState=GPIO_PIN_SET
PD3.Signal=GPIO_Output
PD4.Mode=Lcd1
PD4.Signal=FSMC_NOE
PD5.Mode=Lcd1
PD5.Signal=FSMC_NWE
PD6.GPIOParameters=GPIO_Speed,PinState,GPIO_Label
PD6.GPIO_Label=LCD_T_CS
PD6.GPIO_Speed=GPIO_SPEED_FREQ_HIGH
PD6.Locked=true
PD6.PinState=GPIO_PIN_SET
PD6.Signal=GPIO_Output
PD7.Mode=NorPsramChipSelect1_1
PD7.Signal=FSMC_NE1
PD8.Mode=16b-d1
PD8.Signal=FSMC_D13
PD9.Mode=16b-d1
PD9.Signal=FSMC_D14
PE10.Mode=16b-d1
PE10.Signal=FSMC_D7
PE11.Mode=16b-d1
PE11.Signal=FSMC_D8
PE12.Mode=16b-d1
PE12.Signal=FSMC_D9
PE13.Mode=16b-d1
PE13.Signal=FSMC_D10
PE14.Mode=16b-d1
PE14.Signal=FSMC_D11
PE15.Mode=16b-d1
PE15.Signal=FSMC_D12
PE2.Mode=A23_1
PE2.Signal=FSMC_A23
PE3.GPIOParameters=GPIO_Speed,PinState,GPIO_PuPd,GPIO_Label,GPIO_ModeDefaultOutputPP
PE3.GPIO_Label=Relay1
PE3.GPIO_ModeDefaultOutputPP=GPIO_MODE_OUTPUT_OD
PE3.GPIO_PuPd=GPIO_NOPULL
PE3.GPIO_Speed=GPIO_SPEED_FREQ_HIGH
PE3.Locked=true
PE3.PinState=GPIO_PIN_RESET
PE3.Signal=GPIO_Output
PE5.GPIOParameters=GPIO_PuPd,GPIO_Label,GPIO_ModeDefaultEXTI
PE5.GPIO_Label=EX1
PE5.GPIO_ModeDefaultEXTI=GPIO_MODE_IT_RISING_FALLING
PE5.GPIO_PuPd=GPIO_NOPULL
PE5.Locked=true
PE5.Signal=GPXTI5
PE6.GPIOParameters=GPIO_PuPd,GPIO_Label,GPIO_ModeDefaultEXTI
PE6.GPIO_Label=EX2
PE6.GPIO_ModeDefaultEXTI=GPIO_MODE_IT_RISING_FALLING
PE6.GPIO_PuPd=GPIO_NOPULL
PE6.Locked=true
PE6.Signal=GPXTI6
PE7.Mode=16b-d1
PE7.Signal=FSMC_D4
PE8.Mode=16b-d1
PE8.Signal=FSMC_D5
PE9.Mode=16b-d1
PE9.Signal=FSMC_D6
PinOutPanel.RotationAngle=0
ProjectManager.AskForMigrate=true
ProjectManager.BackupPrevious=false
ProjectManager.CompilerOptimize=6
ProjectManager.ComputerToolchain=false
ProjectManager.CoupleFile=false
ProjectManager.CustomerFirmwarePackage=
ProjectManager.DefaultFWLocation=true
ProjectManager.DeletePrevious=true
ProjectManager.DeviceId=STM32F103VETx
ProjectManager.FirmwarePackage=STM32Cube FW_F1 V1.8.4
ProjectManager.FreePins=false
ProjectManager.HalAssertFull=false
ProjectManager.HeapSize=0x1000
ProjectManager.KeepUserCode=true
ProjectManager.LastFirmware=true
ProjectManager.LibraryCopy=0
ProjectManager.MainLocation=Src
ProjectManager.NoMain=false
ProjectManager.PreviousToolchain=
ProjectManager.ProjectBuild=false
ProjectManager.ProjectFileName=GK_103VE_Drivers.ioc
ProjectManager.ProjectName=GK_103VE_Drivers
ProjectManager.RegisterCallBack=
ProjectManager.StackSize=0x1000
ProjectManager.TargetToolchain=MDK-ARM V5
ProjectManager.ToolChainLocation=
ProjectManager.UnderRoot=false
ProjectManager.functionlistsort=1-MX_GPIO_Init-GPIO-false-HAL-true,2-MX_DMA_Init-DMA-false-HAL-true,3-SystemClock_Config-RCC-false-HAL-false,4-MX_FSMC_Init-FSMC-false-HAL-true,5-MX_SPI2_Init-SPI2-false-HAL-true,6-MX_TIM5_Init-TIM5-false-HAL-true,7-MX_USART1_UART_Init-USART1-false-HAL-true,8-MX_SDIO_SD_Init-SDIO-false-HAL-true,9-MX_FATFS_Init-FATFS-false-HAL-false,10-MX_USB_DEVICE_Init-USB_DEVICE-false-HAL-false,11-MX_USART3_UART_Init-USART3-false-HAL-true,12-MX_USART2_UART_Init-USART2-false-HAL-true,13-MX_RTC_Init-RTC-false-HAL-true,14-MX_ADC1_Init-ADC1-false-HAL-true,15-MX_ADC2_Init-ADC2-false-HAL-true,16-MX_TIM7_Init-TIM7-false-HAL-true,17-MX_TIM3_Init-TIM3-false-HAL-true
RCC.ADCFreqValue=12000000
RCC.ADCPresc=RCC_ADCPCLK2_DIV6
RCC.AHBFreq_Value=72000000
RCC.APB1CLKDivider=RCC_HCLK_DIV2
RCC.APB1Freq_Value=36000000
RCC.APB1TimFreq_Value=72000000
RCC.APB2Freq_Value=72000000
RCC.APB2TimFreq_Value=72000000
RCC.FCLKCortexFreq_Value=72000000
RCC.FSMCFreq_Value=72000000
RCC.FamilyName=M
RCC.HCLKFreq_Value=72000000
RCC.I2S2Freq_Value=72000000
RCC.I2S3Freq_Value=72000000
RCC.IPParameters=ADCFreqValue,ADCPresc,AHBFreq_Value,APB1CLKDivider,APB1Freq_Value,APB1TimFreq_Value,APB2Freq_Value,APB2TimFreq_Value,FCLKCortexFreq_Value,FSMCFreq_Value,FamilyName,HCLKFreq_Value,I2S2Freq_Value,I2S3Freq_Value,MCOFreq_Value,PLLCLKFreq_Value,PLLMCOFreq_Value,PLLMUL,PLLSourceVirtual,RTCClockSelection,RTCFreq_Value,SDIOFreq_Value,SDIOHCLKDiv2FreqValue,SYSCLKFreq_VALUE,SYSCLKSource,TimSysFreq_Value,USBFreq_Value,USBPrescaler,VCOOutput2Freq_Value
RCC.MCOFreq_Value=72000000
RCC.PLLCLKFreq_Value=72000000
RCC.PLLMCOFreq_Value=36000000
RCC.PLLMUL=RCC_PLL_MUL9
RCC.PLLSourceVirtual=RCC_PLLSOURCE_HSE
RCC.RTCClockSelection=RCC_RTCCLKSOURCE_LSE
RCC.RTCFreq_Value=32768
RCC.SDIOFreq_Value=72000000
RCC.SDIOHCLKDiv2FreqValue=36000000
RCC.SYSCLKFreq_VALUE=72000000
RCC.SYSCLKSource=RCC_SYSCLKSOURCE_PLLCLK
RCC.TimSysFreq_Value=72000000
RCC.USBFreq_Value=48000000
RCC.USBPrescaler=RCC_USBCLKSOURCE_PLL_DIV1_5
RCC.VCOOutput2Freq_Value=8000000
RTC.Format=RTC_FORMAT_BIN
RTC.Hours=23
RTC.IPParameters=Seconds,Minutes,Hours,Format,WeekDay,Month,Year
RTC.Minutes=59
RTC.Month=RTC_MONTH_JULY
RTC.Seconds=55
RTC.WeekDay=RTC_WEEKDAY_THURSDAY
RTC.Year=21
SDIO.ClockDiv=5
SDIO.HardwareFlowControl=SDIO_HARDWARE_FLOW_CONTROL_ENABLE
SDIO.IPParameters=ClockDiv,HardwareFlowControl
SH.ADCx_IN0.0=ADC1_IN0,IN0
SH.ADCx_IN0.ConfNb=1
SH.ADCx_IN1.0=ADC2_IN1,IN1
SH.ADCx_IN1.ConfNb=1
SH.ADCx_IN15.0=ADC2_IN15,IN15
SH.ADCx_IN15.ConfNb=1
SH.GPXTI1.0=GPIO_EXTI1
SH.GPXTI1.ConfNb=1
SH.GPXTI11.0=GPIO_EXTI11
SH.GPXTI11.ConfNb=1
SH.GPXTI2.0=GPIO_EXTI2
SH.GPXTI2.ConfNb=1
SH.GPXTI3.0=GPIO_EXTI3
SH.GPXTI3.ConfNb=1
SH.GPXTI4.0=GPIO_EXTI4
SH.GPXTI4.ConfNb=1
SH.GPXTI5.0=GPIO_EXTI5
SH.GPXTI5.ConfNb=1
SH.GPXTI6.0=GPIO_EXTI6
SH.GPXTI6.ConfNb=1
SPI2.BaudRatePrescaler=SPI_BAUDRATEPRESCALER_8
SPI2.CalculateBaudRate=4.5 MBits/s
SPI2.Direction=SPI_DIRECTION_2LINES
SPI2.IPParameters=VirtualType,Mode,Direction,CalculateBaudRate,BaudRatePrescaler
SPI2.Mode=SPI_MODE_MASTER
SPI2.VirtualType=VM_MASTER
TIM3.AutoReloadPreload=TIM_AUTORELOAD_PRELOAD_ENABLE
TIM3.IPParameters=Prescaler,Period,AutoReloadPreload,TIM_MasterSlaveMode,TIM_MasterOutputTrigger
TIM3.Period=10-1
TIM3.Prescaler=8-1
TIM3.TIM_MasterOutputTrigger=TIM_TRGO_UPDATE
TIM3.TIM_MasterSlaveMode=TIM_MASTERSLAVEMODE_DISABLE
TIM5.IPParameters=Prescaler,Period
TIM5.Period=65535
TIM5.Prescaler=71
TIM7.IPParameters=Prescaler,Period
TIM7.Period=10000-1
TIM7.Prescaler=71
USART1.IPParameters=VirtualMode
USART1.VirtualMode=VM_ASYNC
USART2.IPParameters=VirtualMode
USART2.VirtualMode=VM_ASYNC
USART3.IPParameters=VirtualMode
USART3.VirtualMode=VM_ASYNC
USB_DEVICE.CLASS_NAME_FS=MSC
USB_DEVICE.IPParameters=VirtualMode,VirtualModeFS,CLASS_NAME_FS,USBD_MAX_NUM_INTERFACES,USBD_MAX_NUM_CONFIGURATION,USBD_MAX_STR_DESC_SIZ,MSC_MEDIA_PACKET
USB_DEVICE.MSC_MEDIA_PACKET=4096
USB_DEVICE.USBD_MAX_NUM_CONFIGURATION=1
USB_DEVICE.USBD_MAX_NUM_INTERFACES=1
USB_DEVICE.USBD_MAX_STR_DESC_SIZ=512
USB_DEVICE.VirtualMode=Msc
USB_DEVICE.VirtualModeFS=Msc_FS
VP_FATFS_VS_Generic.Mode=User_defined
VP_FATFS_VS_Generic.Signal=FATFS_VS_Generic
VP_FATFS_VS_SDIO.Mode=SDIO
VP_FATFS_VS_SDIO.Signal=FATFS_VS_SDIO
VP_FREERTOS_VS_CMSIS_V1.Mode=CMSIS_V1
VP_FREERTOS_VS_CMSIS_V1.Signal=FREERTOS_VS_CMSIS_V1
VP_RTC_No_RTC_Output.Mode=RTC_OUT_NO
VP_RTC_No_RTC_Output.Signal=RTC_No_RTC_Output
VP_RTC_VS_RTC_Activate.Mode=RTC_Enabled
VP_RTC_VS_RTC_Activate.Signal=RTC_VS_RTC_Activate
VP_RTC_VS_RTC_Calendar.Mode=RTC_Calendar
VP_RTC_VS_RTC_Calendar.Signal=RTC_VS_RTC_Calendar
VP_SYS_VS_tim8.Mode=TIM8
VP_SYS_VS_tim8.Signal=SYS_VS_tim8
VP_TIM3_VS_ClockSourceINT.Mode=Internal
VP_TIM3_VS_ClockSourceINT.Signal=TIM3_VS_ClockSourceINT
VP_TIM5_VS_ClockSourceINT.Mode=Internal
VP_TIM5_VS_ClockSourceINT.Signal=TIM5_VS_ClockSourceINT
VP_TIM7_VS_ClockSourceINT.Mode=Enable_Timer
VP_TIM7_VS_ClockSourceINT.Signal=TIM7_VS_ClockSourceINT
VP_USB_DEVICE_VS_USB_DEVICE_MSC_FS.Mode=MSC_FS
VP_USB_DEVICE_VS_USB_DEVICE_MSC_FS.Signal=USB_DEVICE_VS_USB_DEVICE_MSC_FS
board=custom
